// !$*UTF8*$!
{
	archiveVersion = 1;
	classes = {
	};
	objectVersion = 48;
	objects = {

/* Begin PBXBuildFile section */
		0DCFD6782178BCEEC39185FA /* Pods_Chatty.framework in Frameworks */ = {isa = PBXBuildFile; fileRef = 64CD40F26CDAA463DA941F8A /* Pods_Chatty.framework */; };
		A44303A01FE911960069C738 /* GoogleService-Info.plist in Resources */ = {isa = PBXBuildFile; fileRef = A4AA87591FE90B01003FD05F /* GoogleService-Info.plist */; };
		A44303A21FE929550069C738 /* NewMessageController.swift in Sources */ = {isa = PBXBuildFile; fileRef = A44303A11FE929550069C738 /* NewMessageController.swift */; };
		A44D037E1FEAC816008737C9 /* ChatMessengeCell.swift in Sources */ = {isa = PBXBuildFile; fileRef = A44D037D1FEAC816008737C9 /* ChatMessengeCell.swift */; };
		A4AA87451FE8EA26003FD05F /* AppDelegate.swift in Sources */ = {isa = PBXBuildFile; fileRef = A4AA87441FE8EA26003FD05F /* AppDelegate.swift */; };
		A4AA87471FE8EA26003FD05F /* MessagesController.swift in Sources */ = {isa = PBXBuildFile; fileRef = A4AA87461FE8EA26003FD05F /* MessagesController.swift */; };
		A4AA874A1FE8EA26003FD05F /* Main.storyboard in Resources */ = {isa = PBXBuildFile; fileRef = A4AA87481FE8EA26003FD05F /* Main.storyboard */; };
		A4AA874C1FE8EA26003FD05F /* Assets.xcassets in Resources */ = {isa = PBXBuildFile; fileRef = A4AA874B1FE8EA26003FD05F /* Assets.xcassets */; };
		A4AA874F1FE8EA26003FD05F /* LaunchScreen.storyboard in Resources */ = {isa = PBXBuildFile; fileRef = A4AA874D1FE8EA26003FD05F /* LaunchScreen.storyboard */; };
		A4AA87581FE8ED0D003FD05F /* LoginController.swift in Sources */ = {isa = PBXBuildFile; fileRef = A4AA87571FE8ED0D003FD05F /* LoginController.swift */; };
		A4BB03A61FEA536D0050F662 /* ChatUser.swift in Sources */ = {isa = PBXBuildFile; fileRef = A4BB03A51FEA536D0050F662 /* ChatUser.swift */; };
		A4BB03A81FEA57F50050F662 /* LoginController+handlers.swift in Sources */ = {isa = PBXBuildFile; fileRef = A4BB03A71FEA57F50050F662 /* LoginController+handlers.swift */; };
		A4BB03AB1FEA774C0050F662 /* Extensions.swift in Sources */ = {isa = PBXBuildFile; fileRef = A4BB03AA1FEA774C0050F662 /* Extensions.swift */; };
		A4BB03AD1FEA7B630050F662 /* ChattLogController.swift in Sources */ = {isa = PBXBuildFile; fileRef = A4BB03AC1FEA7B630050F662 /* ChattLogController.swift */; };
		A4BB03AF1FEAA6030050F662 /* Message.swift in Sources */ = {isa = PBXBuildFile; fileRef = A4BB03AE1FEAA6030050F662 /* Message.swift */; };
		A4BB03B21FEAADD10050F662 /* UserCell.swift in Sources */ = {isa = PBXBuildFile; fileRef = A4BB03B11FEAADD10050F662 /* UserCell.swift */; };
/* End PBXBuildFile section */

/* Begin PBXFileReference section */
		64CD40F26CDAA463DA941F8A /* Pods_Chatty.framework */ = {isa = PBXFileReference; explicitFileType = wrapper.framework; includeInIndex = 0; path = Pods_Chatty.framework; sourceTree = BUILT_PRODUCTS_DIR; };
		6C6688C2B20A1710B416A0A1 /* Pods-Chatty.release.xcconfig */ = {isa = PBXFileReference; includeInIndex = 1; lastKnownFileType = text.xcconfig; name = "Pods-Chatty.release.xcconfig"; path = "Pods/Target Support Files/Pods-Chatty/Pods-Chatty.release.xcconfig"; sourceTree = "<group>"; };
		8A57272D9FBBE49DDF68858B /* Pods-Chatty.debug.xcconfig */ = {isa = PBXFileReference; includeInIndex = 1; lastKnownFileType = text.xcconfig; name = "Pods-Chatty.debug.xcconfig"; path = "Pods/Target Support Files/Pods-Chatty/Pods-Chatty.debug.xcconfig"; sourceTree = "<group>"; };
		A44303A11FE929550069C738 /* NewMessageController.swift */ = {isa = PBXFileReference; lastKnownFileType = sourcecode.swift; path = NewMessageController.swift; sourceTree = "<group>"; };
		A44D037D1FEAC816008737C9 /* ChatMessengeCell.swift */ = {isa = PBXFileReference; lastKnownFileType = sourcecode.swift; path = ChatMessengeCell.swift; sourceTree = "<group>"; };
		A4AA87411FE8EA26003FD05F /* Chatty.app */ = {isa = PBXFileReference; explicitFileType = wrapper.application; includeInIndex = 0; path = Chatty.app; sourceTree = BUILT_PRODUCTS_DIR; };
		A4AA87441FE8EA26003FD05F /* AppDelegate.swift */ = {isa = PBXFileReference; lastKnownFileType = sourcecode.swift; path = AppDelegate.swift; sourceTree = "<group>"; };
		A4AA87461FE8EA26003FD05F /* MessagesController.swift */ = {isa = PBXFileReference; lastKnownFileType = sourcecode.swift; path = MessagesController.swift; sourceTree = "<group>"; };
		A4AA87491FE8EA26003FD05F /* Base */ = {isa = PBXFileReference; lastKnownFileType = file.storyboard; name = Base; path = Base.lproj/Main.storyboard; sourceTree = "<group>"; };
		A4AA874B1FE8EA26003FD05F /* Assets.xcassets */ = {isa = PBXFileReference; lastKnownFileType = folder.assetcatalog; path = Assets.xcassets; sourceTree = "<group>"; };
		A4AA874E1FE8EA26003FD05F /* Base */ = {isa = PBXFileReference; lastKnownFileType = file.storyboard; name = Base; path = Base.lproj/LaunchScreen.storyboard; sourceTree = "<group>"; };
		A4AA87501FE8EA26003FD05F /* Info.plist */ = {isa = PBXFileReference; lastKnownFileType = text.plist.xml; path = Info.plist; sourceTree = "<group>"; };
		A4AA87571FE8ED0D003FD05F /* LoginController.swift */ = {isa = PBXFileReference; lastKnownFileType = sourcecode.swift; path = LoginController.swift; sourceTree = "<group>"; };
		A4AA87591FE90B01003FD05F /* GoogleService-Info.plist */ = {isa = PBXFileReference; lastKnownFileType = text.plist.xml; path = "GoogleService-Info.plist"; sourceTree = "<group>"; };
		A4BB03A51FEA536D0050F662 /* ChatUser.swift */ = {isa = PBXFileReference; lastKnownFileType = sourcecode.swift; path = ChatUser.swift; sourceTree = "<group>"; };
		A4BB03A71FEA57F50050F662 /* LoginController+handlers.swift */ = {isa = PBXFileReference; lastKnownFileType = sourcecode.swift; path = "LoginController+handlers.swift"; sourceTree = "<group>"; };
		A4BB03AA1FEA774C0050F662 /* Extensions.swift */ = {isa = PBXFileReference; lastKnownFileType = sourcecode.swift; path = Extensions.swift; sourceTree = "<group>"; };
		A4BB03AC1FEA7B630050F662 /* ChattLogController.swift */ = {isa = PBXFileReference; lastKnownFileType = sourcecode.swift; path = ChattLogController.swift; sourceTree = "<group>"; };
		A4BB03AE1FEAA6030050F662 /* Message.swift */ = {isa = PBXFileReference; lastKnownFileType = sourcecode.swift; path = Message.swift; sourceTree = "<group>"; };
		A4BB03B11FEAADD10050F662 /* UserCell.swift */ = {isa = PBXFileReference; lastKnownFileType = sourcecode.swift; path = UserCell.swift; sourceTree = "<group>"; };
/* End PBXFileReference section */

/* Begin PBXFrameworksBuildPhase section */
		A4AA873E1FE8EA25003FD05F /* Frameworks */ = {
			isa = PBXFrameworksBuildPhase;
			buildActionMask = 2147483647;
			files = (
				0DCFD6782178BCEEC39185FA /* Pods_Chatty.framework in Frameworks */,
			);
			runOnlyForDeploymentPostprocessing = 0;
		};
/* End PBXFrameworksBuildPhase section */

/* Begin PBXGroup section */
		412A9AEBA2C4A40C59D2266A /* Frameworks */ = {
			isa = PBXGroup;
			children = (
				64CD40F26CDAA463DA941F8A /* Pods_Chatty.framework */,
			);
			name = Frameworks;
			sourceTree = "<group>";
		};
		676321C63C7D9D2D4CB3C31C /* Pods */ = {
			isa = PBXGroup;
			children = (
				8A57272D9FBBE49DDF68858B /* Pods-Chatty.debug.xcconfig */,
				6C6688C2B20A1710B416A0A1 /* Pods-Chatty.release.xcconfig */,
			);
			name = Pods;
			sourceTree = "<group>";
		};
		A4AA87381FE8EA25003FD05F = {
			isa = PBXGroup;
			children = (
				A4AA87431FE8EA26003FD05F /* Chatty */,
				A4AA87421FE8EA26003FD05F /* Products */,
				676321C63C7D9D2D4CB3C31C /* Pods */,
				412A9AEBA2C4A40C59D2266A /* Frameworks */,
			);
			sourceTree = "<group>";
		};
		A4AA87421FE8EA26003FD05F /* Products */ = {
			isa = PBXGroup;
			children = (
				A4AA87411FE8EA26003FD05F /* Chatty.app */,
			);
			name = Products;
			sourceTree = "<group>";
		};
		A4AA87431FE8EA26003FD05F /* Chatty */ = {
			isa = PBXGroup;
			children = (
				A4BB03B01FEAADC20050F662 /* View */,
				A4BB03A91FEA773E0050F662 /* Helpers */,
				A4BB03A41FEA53580050F662 /* Model */,
				A4AA87561FE8ECF3003FD05F /* Controller */,
				A4AA87441FE8EA26003FD05F /* AppDelegate.swift */,
				A4AA87481FE8EA26003FD05F /* Main.storyboard */,
				A4AA874B1FE8EA26003FD05F /* Assets.xcassets */,
				A4AA874D1FE8EA26003FD05F /* LaunchScreen.storyboard */,
				A4AA87501FE8EA26003FD05F /* Info.plist */,
				A4AA87591FE90B01003FD05F /* GoogleService-Info.plist */,
			);
			path = Chatty;
			sourceTree = "<group>";
		};
		A4AA87561FE8ECF3003FD05F /* Controller */ = {
			isa = PBXGroup;
			children = (
				A4AA87461FE8EA26003FD05F /* MessagesController.swift */,
				A4AA87571FE8ED0D003FD05F /* LoginController.swift */,
				A4BB03A71FEA57F50050F662 /* LoginController+handlers.swift */,
				A44303A11FE929550069C738 /* NewMessageController.swift */,
				A4BB03AC1FEA7B630050F662 /* ChattLogController.swift */,
			);
			path = Controller;
			sourceTree = "<group>";
		};
		A4BB03A41FEA53580050F662 /* Model */ = {
			isa = PBXGroup;
			children = (
				A4BB03A51FEA536D0050F662 /* ChatUser.swift */,
				A4BB03AE1FEAA6030050F662 /* Message.swift */,
			);
			path = Model;
			sourceTree = "<group>";
		};
		A4BB03A91FEA773E0050F662 /* Helpers */ = {
			isa = PBXGroup;
			children = (
				A4BB03AA1FEA774C0050F662 /* Extensions.swift */,
			);
			path = Helpers;
			sourceTree = "<group>";
		};
		A4BB03B01FEAADC20050F662 /* View */ = {
			isa = PBXGroup;
			children = (
				A4BB03B11FEAADD10050F662 /* UserCell.swift */,
				A44D037D1FEAC816008737C9 /* ChatMessengeCell.swift */,
			);
			path = View;
			sourceTree = "<group>";
		};
/* End PBXGroup section */

/* Begin PBXNativeTarget section */
		A4AA87401FE8EA25003FD05F /* Chatty */ = {
			isa = PBXNativeTarget;
			buildConfigurationList = A4AA87531FE8EA26003FD05F /* Build configuration list for PBXNativeTarget "Chatty" */;
			buildPhases = (
				ADF81696BCEF7FF556B1ABB8 /* [CP] Check Pods Manifest.lock */,
				A4AA873D1FE8EA25003FD05F /* Sources */,
				A4AA873E1FE8EA25003FD05F /* Frameworks */,
				A4AA873F1FE8EA25003FD05F /* Resources */,
				E0D7CDBF87605CFA9059F6D6 /* [CP] Embed Pods Frameworks */,
				AA6C2CFC9A174105518AE25D /* [CP] Copy Pods Resources */,
			);
			buildRules = (
			);
			dependencies = (
			);
			name = Chatty;
			productName = Chatty;
			productReference = A4AA87411FE8EA26003FD05F /* Chatty.app */;
			productType = "com.apple.product-type.application";
		};
/* End PBXNativeTarget section */

/* Begin PBXProject section */
		A4AA87391FE8EA25003FD05F /* Project object */ = {
			isa = PBXProject;
			attributes = {
				LastSwiftUpdateCheck = 0900;
				LastUpgradeCheck = 0900;
				ORGANIZATIONNAME = thePODDUBSTEP;
				TargetAttributes = {
					A4AA87401FE8EA25003FD05F = {
						CreatedOnToolsVersion = 9.0;
						ProvisioningStyle = Automatic;
					};
				};
			};
			buildConfigurationList = A4AA873C1FE8EA25003FD05F /* Build configuration list for PBXProject "Chatty" */;
			compatibilityVersion = "Xcode 8.0";
			developmentRegion = en;
			hasScannedForEncodings = 0;
			knownRegions = (
				en,
				Base,
			);
			mainGroup = A4AA87381FE8EA25003FD05F;
			productRefGroup = A4AA87421FE8EA26003FD05F /* Products */;
			projectDirPath = "";
			projectRoot = "";
			targets = (
				A4AA87401FE8EA25003FD05F /* Chatty */,
			);
		};
/* End PBXProject section */

/* Begin PBXResourcesBuildPhase section */
		A4AA873F1FE8EA25003FD05F /* Resources */ = {
			isa = PBXResourcesBuildPhase;
			buildActionMask = 2147483647;
			files = (
				A4AA874F1FE8EA26003FD05F /* LaunchScreen.storyboard in Resources */,
				A44303A01FE911960069C738 /* GoogleService-Info.plist in Resources */,
				A4AA874C1FE8EA26003FD05F /* Assets.xcassets in Resources */,
				A4AA874A1FE8EA26003FD05F /* Main.storyboard in Resources */,
			);
			runOnlyForDeploymentPostprocessing = 0;
		};
/* End PBXResourcesBuildPhase section */

/* Begin PBXShellScriptBuildPhase section */
		AA6C2CFC9A174105518AE25D /* [CP] Copy Pods Resources */ = {
			isa = PBXShellScriptBuildPhase;
			buildActionMask = 2147483647;
			files = (
			);
			inputPaths = (
			);
			name = "[CP] Copy Pods Resources";
			outputPaths = (
			);
			runOnlyForDeploymentPostprocessing = 0;
			shellPath = /bin/sh;
			shellScript = "\"${SRCROOT}/Pods/Target Support Files/Pods-Chatty/Pods-Chatty-resources.sh\"\n";
			showEnvVarsInLog = 0;
		};
		ADF81696BCEF7FF556B1ABB8 /* [CP] Check Pods Manifest.lock */ = {
			isa = PBXShellScriptBuildPhase;
			buildActionMask = 2147483647;
			files = (
			);
			inputPaths = (
				"${PODS_PODFILE_DIR_PATH}/Podfile.lock",
				"${PODS_ROOT}/Manifest.lock",
			);
			name = "[CP] Check Pods Manifest.lock";
			outputPaths = (
				"$(DERIVED_FILE_DIR)/Pods-Chatty-checkManifestLockResult.txt",
			);
			runOnlyForDeploymentPostprocessing = 0;
			shellPath = /bin/sh;
			shellScript = "diff \"${PODS_PODFILE_DIR_PATH}/Podfile.lock\" \"${PODS_ROOT}/Manifest.lock\" > /dev/null\nif [ $? != 0 ] ; then\n    # print error to STDERR\n    echo \"error: The sandbox is not in sync with the Podfile.lock. Run 'pod install' or update your CocoaPods installation.\" >&2\n    exit 1\nfi\n# This output is used by Xcode 'outputs' to avoid re-running this script phase.\necho \"SUCCESS\" > \"${SCRIPT_OUTPUT_FILE_0}\"\n";
			showEnvVarsInLog = 0;
		};
		E0D7CDBF87605CFA9059F6D6 /* [CP] Embed Pods Frameworks */ = {
			isa = PBXShellScriptBuildPhase;
			buildActionMask = 2147483647;
			files = (
			);
			inputPaths = (
				"${SRCROOT}/Pods/Target Support Files/Pods-Chatty/Pods-Chatty-frameworks.sh",
				"${BUILT_PRODUCTS_DIR}/GTMSessionFetcher/GTMSessionFetcher.framework",
				"${BUILT_PRODUCTS_DIR}/GoogleToolboxForMac/GoogleToolboxForMac.framework",
				"${BUILT_PRODUCTS_DIR}/leveldb-library/leveldb.framework",
				"${BUILT_PRODUCTS_DIR}/nanopb/nanopb.framework",
			);
			name = "[CP] Embed Pods Frameworks";
			outputPaths = (
				"${TARGET_BUILD_DIR}/${FRAMEWORKS_FOLDER_PATH}/GTMSessionFetcher.framework",
				"${TARGET_BUILD_DIR}/${FRAMEWORKS_FOLDER_PATH}/GoogleToolboxForMac.framework",
				"${TARGET_BUILD_DIR}/${FRAMEWORKS_FOLDER_PATH}/leveldb.framework",
				"${TARGET_BUILD_DIR}/${FRAMEWORKS_FOLDER_PATH}/nanopb.framework",
			);
			runOnlyForDeploymentPostprocessing = 0;
			shellPath = /bin/sh;
			shellScript = "\"${SRCROOT}/Pods/Target Support Files/Pods-Chatty/Pods-Chatty-frameworks.sh\"\n";
			showEnvVarsInLog = 0;
		};
/* End PBXShellScriptBuildPhase section */

/* Begin PBXSourcesBuildPhase section */
		A4AA873D1FE8EA25003FD05F /* Sources */ = {
			isa = PBXSourcesBuildPhase;
			buildActionMask = 2147483647;
			files = (
				A44303A21FE929550069C738 /* NewMessageController.swift in Sources */,
				A44D037E1FEAC816008737C9 /* ChatMessengeCell.swift in Sources */,
				A4AA87471FE8EA26003FD05F /* MessagesController.swift in Sources */,
				A4BB03A81FEA57F50050F662 /* LoginController+handlers.swift in Sources */,
				A4BB03AF1FEAA6030050F662 /* Message.swift in Sources */,
				A4AA87581FE8ED0D003FD05F /* LoginController.swift in Sources */,
				A4BB03A61FEA536D0050F662 /* ChatUser.swift in Sources */,
				A4BB03AD1FEA7B630050F662 /* ChattLogController.swift in Sources */,
				A4AA87451FE8EA26003FD05F /* AppDelegate.swift in Sources */,
				A4BB03B21FEAADD10050F662 /* UserCell.swift in Sources */,
				A4BB03AB1FEA774C0050F662 /* Extensions.swift in Sources */,
			);
			runOnlyForDeploymentPostprocessing = 0;
		};
/* End PBXSourcesBuildPhase section */

/* Begin PBXVariantGroup section */
		A4AA87481FE8EA26003FD05F /* Main.storyboard */ = {
			isa = PBXVariantGroup;
			children = (
				A4AA87491FE8EA26003FD05F /* Base */,
			);
			name = Main.storyboard;
			sourceTree = "<group>";
		};
		A4AA874D1FE8EA26003FD05F /* LaunchScreen.storyboard */ = {
			isa = PBXVariantGroup;
			children = (
				A4AA874E1FE8EA26003FD05F /* Base */,
			);
			name = LaunchScreen.storyboard;
			sourceTree = "<group>";
		};
/* End PBXVariantGroup section */

/* Begin XCBuildConfiguration section */
		A4AA87511FE8EA26003FD05F /* Debug */ = {
			isa = XCBuildConfiguration;
			buildSettings = {
				ALWAYS_SEARCH_USER_PATHS = NO;
				CLANG_ANALYZER_NONNULL = YES;
				CLANG_ANALYZER_NUMBER_OBJECT_CONVERSION = YES_AGGRESSIVE;
				CLANG_CXX_LANGUAGE_STANDARD = "gnu++14";
				CLANG_CXX_LIBRARY = "libc++";
				CLANG_ENABLE_MODULES = YES;
				CLANG_ENABLE_OBJC_ARC = YES;
				CLANG_WARN_BLOCK_CAPTURE_AUTORELEASING = YES;
				CLANG_WARN_BOOL_CONVERSION = YES;
				CLANG_WARN_COMMA = YES;
				CLANG_WARN_CONSTANT_CONVERSION = YES;
				CLANG_WARN_DIRECT_OBJC_ISA_USAGE = YES_ERROR;
				CLANG_WARN_DOCUMENTATION_COMMENTS = YES;
				CLANG_WARN_EMPTY_BODY = YES;
				CLANG_WARN_ENUM_CONVERSION = YES;
				CLANG_WARN_INFINITE_RECURSION = YES;
				CLANG_WARN_INT_CONVERSION = YES;
				CLANG_WARN_NON_LITERAL_NULL_CONVERSION = YES;
				CLANG_WARN_OBJC_LITERAL_CONVERSION = YES;
				CLANG_WARN_OBJC_ROOT_CLASS = YES_ERROR;
				CLANG_WARN_RANGE_LOOP_ANALYSIS = YES;
				CLANG_WARN_STRICT_PROTOTYPES = YES;
				CLANG_WARN_SUSPICIOUS_MOVE = YES;
				CLANG_WARN_UNGUARDED_AVAILABILITY = YES_AGGRESSIVE;
				CLANG_WARN_UNREACHABLE_CODE = YES;
				CLANG_WARN__DUPLICATE_METHOD_MATCH = YES;
				CODE_SIGN_IDENTITY = "iPhone Developer";
				COPY_PHASE_STRIP = NO;
				DEBUG_INFORMATION_FORMAT = dwarf;
				ENABLE_STRICT_OBJC_MSGSEND = YES;
				ENABLE_TESTABILITY = YES;
				GCC_C_LANGUAGE_STANDARD = gnu11;
				GCC_DYNAMIC_NO_PIC = NO;
				GCC_NO_COMMON_BLOCKS = YES;
				GCC_OPTIMIZATION_LEVEL = 0;
				GCC_PREPROCESSOR_DEFINITIONS = (
					"DEBUG=1",
					"$(inherited)",
				);
				GCC_WARN_64_TO_32_BIT_CONVERSION = YES;
				GCC_WARN_ABOUT_RETURN_TYPE = YES_ERROR;
				GCC_WARN_UNDECLARED_SELECTOR = YES;
				GCC_WARN_UNINITIALIZED_AUTOS = YES_AGGRESSIVE;
				GCC_WARN_UNUSED_FUNCTION = YES;
				GCC_WARN_UNUSED_VARIABLE = YES;
				IPHONEOS_DEPLOYMENT_TARGET = 11.0;
				MTL_ENABLE_DEBUG_INFO = YES;
				ONLY_ACTIVE_ARCH = YES;
				SDKROOT = iphoneos;
				SWIFT_ACTIVE_COMPILATION_CONDITIONS = DEBUG;
				SWIFT_OPTIMIZATION_LEVEL = "-Onone";
			};
			name = Debug;
		};
		A4AA87521FE8EA26003FD05F /* Release */ = {
			isa = XCBuildConfiguration;
			buildSettings = {
				ALWAYS_SEARCH_USER_PATHS = NO;
				CLANG_ANALYZER_NONNULL = YES;
				CLANG_ANALYZER_NUMBER_OBJECT_CONVERSION = YES_AGGRESSIVE;
				CLANG_CXX_LANGUAGE_STANDARD = "gnu++14";
				CLANG_CXX_LIBRARY = "libc++";
				CLANG_ENABLE_MODULES = YES;
				CLANG_ENABLE_OBJC_ARC = YES;
				CLANG_WARN_BLOCK_CAPTURE_AUTORELEASING = YES;
				CLANG_WARN_BOOL_CONVERSION = YES;
				CLANG_WARN_COMMA = YES;
				CLANG_WARN_CONSTANT_CONVERSION = YES;
				CLANG_WARN_DIRECT_OBJC_ISA_USAGE = YES_ERROR;
				CLANG_WARN_DOCUMENTATION_COMMENTS = YES;
				CLANG_WARN_EMPTY_BODY = YES;
				CLANG_WARN_ENUM_CONVERSION = YES;
				CLANG_WARN_INFINITE_RECURSION = YES;
				CLANG_WARN_INT_CONVERSION = YES;
				CLANG_WARN_NON_LITERAL_NULL_CONVERSION = YES;
				CLANG_WARN_OBJC_LITERAL_CONVERSION = YES;
				CLANG_WARN_OBJC_ROOT_CLASS = YES_ERROR;
				CLANG_WARN_RANGE_LOOP_ANALYSIS = YES;
				CLANG_WARN_STRICT_PROTOTYPES = YES;
				CLANG_WARN_SUSPICIOUS_MOVE = YES;
				CLANG_WARN_UNGUARDED_AVAILABILITY = YES_AGGRESSIVE;
				CLANG_WARN_UNREACHABLE_CODE = YES;
				CLANG_WARN__DUPLICATE_METHOD_MATCH = YES;
				CODE_SIGN_IDENTITY = "iPhone Developer";
				COPY_PHASE_STRIP = NO;
				DEBUG_INFORMATION_FORMAT = "dwarf-with-dsym";
				ENABLE_NS_ASSERTIONS = NO;
				ENABLE_STRICT_OBJC_MSGSEND = YES;
				GCC_C_LANGUAGE_STANDARD = gnu11;
				GCC_NO_COMMON_BLOCKS = YES;
				GCC_WARN_64_TO_32_BIT_CONVERSION = YES;
				GCC_WARN_ABOUT_RETURN_TYPE = YES_ERROR;
				GCC_WARN_UNDECLARED_SELECTOR = YES;
				GCC_WARN_UNINITIALIZED_AUTOS = YES_AGGRESSIVE;
				GCC_WARN_UNUSED_FUNCTION = YES;
				GCC_WARN_UNUSED_VARIABLE = YES;
				IPHONEOS_DEPLOYMENT_TARGET = 11.0;
				MTL_ENABLE_DEBUG_INFO = NO;
				SDKROOT = iphoneos;
				SWIFT_OPTIMIZATION_LEVEL = "-Owholemodule";
				VALIDATE_PRODUCT = YES;
			};
			name = Release;
		};
		A4AA87541FE8EA26003FD05F /* Debug */ = {
			isa = XCBuildConfiguration;
			baseConfigurationReference = 8A57272D9FBBE49DDF68858B /* Pods-Chatty.debug.xcconfig */;
			buildSettings = {
				ASSETCATALOG_COMPILER_APPICON_NAME = AppIcon;
				CODE_SIGN_STYLE = Automatic;
				INFOPLIST_FILE = Chatty/Info.plist;
				LD_RUNPATH_SEARCH_PATHS = "$(inherited) @executable_path/Frameworks";
				PRODUCT_BUNDLE_IDENTIFIER = thePODDUBSTEP.Chatty;
				PRODUCT_NAME = "$(TARGET_NAME)";
				SWIFT_VERSION = 4.0;
				TARGETED_DEVICE_FAMILY = "1,2";
			};
			name = Debug;
		};
		A4AA87551FE8EA26003FD05F /* Release */ = {
			isa = XCBuildConfiguration;
			baseConfigurationReference = 6C6688C2B20A1710B416A0A1 /* Pods-Chatty.release.xcconfig */;
			buildSettings = {
				ASSETCATALOG_COMPILER_APPICON_NAME = AppIcon;
				CODE_SIGN_STYLE = Automatic;
				INFOPLIST_FILE = Chatty/Info.plist;
				LD_RUNPATH_SEARCH_PATHS = "$(inherited) @executable_path/Frameworks";
				PRODUCT_BUNDLE_IDENTIFIER = thePODDUBSTEP.Chatty;
				PRODUCT_NAME = "$(TARGET_NAME)";
				SWIFT_VERSION = 4.0;
				TARGETED_DEVICE_FAMILY = "1,2";
			};
			name = Release;
		};
/* End XCBuildConfiguration section */

/* Begin XCConfigurationList section */
		A4AA873C1FE8EA25003FD05F /* Build configuration list for PBXProject "Chatty" */ = {
			isa = XCConfigurationList;
			buildConfigurations = (
				A4AA87511FE8EA26003FD05F /* Debug */,
				A4AA87521FE8EA26003FD05F /* Release */,
			);
			defaultConfigurationIsVisible = 0;
			defaultConfigurationName = Release;
		};
		A4AA87531FE8EA26003FD05F /* Build configuration list for PBXNativeTarget "Chatty" */ = {
			isa = XCConfigurationList;
			buildConfigurations = (
				A4AA87541FE8EA26003FD05F /* Debug */,
				A4AA87551FE8EA26003FD05F /* Release */,
			);
			defaultConfigurationIsVisible = 0;
			defaultConfigurationName = Release;
		};
/* End XCConfigurationList section */
	};
	rootObject = A4AA87391FE8EA25003FD05F /* Project object */;
}
